// !$*UTF8*$!
{
	archiveVersion = 1;
	classes = {
	};
	objectVersion = 56;
	objects = {

/* Begin PBXBuildFile section */
		CE4D41A82C577F2C001DCF31 /* BreedsViewController.swift in Sources */ = {isa = PBXBuildFile; fileRef = CE4D41A72C577F2C001DCF31 /* BreedsViewController.swift */; };
		CE6D58562C56D84100A14E37 /* CatBreeds.swift in Sources */ = {isa = PBXBuildFile; fileRef = CE6D58552C56D84100A14E37 /* CatBreeds.swift */; };
		CE6D58592C56D8B500A14E37 /* BreedsTableViewCell.swift in Sources */ = {isa = PBXBuildFile; fileRef = CE6D58582C56D8B500A14E37 /* BreedsTableViewCell.swift */; };
		CEAE6DA52C52699A007777F8 /* AppDelegate.swift in Sources */ = {isa = PBXBuildFile; fileRef = CEAE6DA42C52699A007777F8 /* AppDelegate.swift */; };
		CEAE6DA72C52699A007777F8 /* SceneDelegate.swift in Sources */ = {isa = PBXBuildFile; fileRef = CEAE6DA62C52699A007777F8 /* SceneDelegate.swift */; };
		CEAE6DA92C52699A007777F8 /* TabBarController.swift in Sources */ = {isa = PBXBuildFile; fileRef = CEAE6DA82C52699A007777F8 /* TabBarController.swift */; };
		CEAE6DAF2C52699A007777F8 /* DemoApp.xcdatamodeld in Sources */ = {isa = PBXBuildFile; fileRef = CEAE6DAD2C52699A007777F8 /* DemoApp.xcdatamodeld */; };
		CEAE6DB12C52699B007777F8 /* Assets.xcassets in Resources */ = {isa = PBXBuildFile; fileRef = CEAE6DB02C52699B007777F8 /* Assets.xcassets */; };
		CEAE6DB42C52699B007777F8 /* Base in Resources */ = {isa = PBXBuildFile; fileRef = CEAE6DB32C52699B007777F8 /* Base */; };
		CEAE6DBF2C52699B007777F8 /* DemoAppTests.swift in Sources */ = {isa = PBXBuildFile; fileRef = CEAE6DBE2C52699B007777F8 /* DemoAppTests.swift */; };
		CEAE6DC92C52699B007777F8 /* DemoAppUITests.swift in Sources */ = {isa = PBXBuildFile; fileRef = CEAE6DC82C52699B007777F8 /* DemoAppUITests.swift */; };
		CEAE6DCB2C52699B007777F8 /* DemoAppUITestsLaunchTests.swift in Sources */ = {isa = PBXBuildFile; fileRef = CEAE6DCA2C52699B007777F8 /* DemoAppUITestsLaunchTests.swift */; };
/* End PBXBuildFile section */

/* Begin PBXContainerItemProxy section */
		CEAE6DBB2C52699B007777F8 /* PBXContainerItemProxy */ = {
			isa = PBXContainerItemProxy;
			containerPortal = CEAE6D992C52699A007777F8 /* Project object */;
			proxyType = 1;
			remoteGlobalIDString = CEAE6DA02C52699A007777F8;
			remoteInfo = DemoApp;
		};
		CEAE6DC52C52699B007777F8 /* PBXContainerItemProxy */ = {
			isa = PBXContainerItemProxy;
			containerPortal = CEAE6D992C52699A007777F8 /* Project object */;
			proxyType = 1;
			remoteGlobalIDString = CEAE6DA02C52699A007777F8;
			remoteInfo = DemoApp;
		};
/* End PBXContainerItemProxy section */

/* Begin PBXFileReference section */
		CE4D41A72C577F2C001DCF31 /* BreedsViewController.swift */ = {isa = PBXFileReference; lastKnownFileType = sourcecode.swift; path = BreedsViewController.swift; sourceTree = "<group>"; };
		CE6D58552C56D84100A14E37 /* CatBreeds.swift */ = {isa = PBXFileReference; fileEncoding = 4; lastKnownFileType = sourcecode.swift; name = CatBreeds.swift; path = DemoApp/Models/CatBreeds.swift; sourceTree = SOURCE_ROOT; };
		CE6D58582C56D8B500A14E37 /* BreedsTableViewCell.swift */ = {isa = PBXFileReference; fileEncoding = 4; lastKnownFileType = sourcecode.swift; name = BreedsTableViewCell.swift; path = DemoApp/Views/BreedsTableViewCell.swift; sourceTree = SOURCE_ROOT; };
		CEAE6DA12C52699A007777F8 /* DemoApp.app */ = {isa = PBXFileReference; explicitFileType = wrapper.application; includeInIndex = 0; path = DemoApp.app; sourceTree = BUILT_PRODUCTS_DIR; };
		CEAE6DA42C52699A007777F8 /* AppDelegate.swift */ = {isa = PBXFileReference; lastKnownFileType = sourcecode.swift; path = AppDelegate.swift; sourceTree = "<group>"; };
		CEAE6DA62C52699A007777F8 /* SceneDelegate.swift */ = {isa = PBXFileReference; lastKnownFileType = sourcecode.swift; path = SceneDelegate.swift; sourceTree = "<group>"; };
		CEAE6DA82C52699A007777F8 /* TabBarController.swift */ = {isa = PBXFileReference; lastKnownFileType = sourcecode.swift; path = TabBarController.swift; sourceTree = "<group>"; };
		CEAE6DAE2C52699A007777F8 /* DemoApp.xcdatamodel */ = {isa = PBXFileReference; lastKnownFileType = wrapper.xcdatamodel; path = DemoApp.xcdatamodel; sourceTree = "<group>"; };
		CEAE6DB02C52699B007777F8 /* Assets.xcassets */ = {isa = PBXFileReference; lastKnownFileType = folder.assetcatalog; path = Assets.xcassets; sourceTree = "<group>"; };
		CEAE6DB32C52699B007777F8 /* Base */ = {isa = PBXFileReference; lastKnownFileType = file.storyboard; name = Base; path = Base.lproj/LaunchScreen.storyboard; sourceTree = "<group>"; };
		CEAE6DB52C52699B007777F8 /* Info.plist */ = {isa = PBXFileReference; lastKnownFileType = text.plist.xml; path = Info.plist; sourceTree = "<group>"; };
		CEAE6DBA2C52699B007777F8 /* DemoAppTests.xctest */ = {isa = PBXFileReference; explicitFileType = wrapper.cfbundle; includeInIndex = 0; path = DemoAppTests.xctest; sourceTree = BUILT_PRODUCTS_DIR; };
		CEAE6DBE2C52699B007777F8 /* DemoAppTests.swift */ = {isa = PBXFileReference; lastKnownFileType = sourcecode.swift; path = DemoAppTests.swift; sourceTree = "<group>"; };
		CEAE6DC42C52699B007777F8 /* DemoAppUITests.xctest */ = {isa = PBXFileReference; explicitFileType = wrapper.cfbundle; includeInIndex = 0; path = DemoAppUITests.xctest; sourceTree = BUILT_PRODUCTS_DIR; };
		CEAE6DC82C52699B007777F8 /* DemoAppUITests.swift */ = {isa = PBXFileReference; lastKnownFileType = sourcecode.swift; path = DemoAppUITests.swift; sourceTree = "<group>"; };
		CEAE6DCA2C52699B007777F8 /* DemoAppUITestsLaunchTests.swift */ = {isa = PBXFileReference; lastKnownFileType = sourcecode.swift; path = DemoAppUITestsLaunchTests.swift; sourceTree = "<group>"; };
/* End PBXFileReference section */

/* Begin PBXFrameworksBuildPhase section */
		CEAE6D9E2C52699A007777F8 /* Frameworks */ = {
			isa = PBXFrameworksBuildPhase;
			buildActionMask = 2147483647;
			files = (
			);
			runOnlyForDeploymentPostprocessing = 0;
		};
		CEAE6DB72C52699B007777F8 /* Frameworks */ = {
			isa = PBXFrameworksBuildPhase;
			buildActionMask = 2147483647;
			files = (
			);
			runOnlyForDeploymentPostprocessing = 0;
		};
		CEAE6DC12C52699B007777F8 /* Frameworks */ = {
			isa = PBXFrameworksBuildPhase;
			buildActionMask = 2147483647;
			files = (
			);
			runOnlyForDeploymentPostprocessing = 0;
		};
/* End PBXFrameworksBuildPhase section */

/* Begin PBXGroup section */
		CE4D41A62C577EE0001DCF31 /* Controllers */ = {
			isa = PBXGroup;
			children = (
				CEAE6DA82C52699A007777F8 /* TabBarController.swift */,
				CE4D41A72C577F2C001DCF31 /* BreedsViewController.swift */,
			);
			path = Controllers;
			sourceTree = "<group>";
		};
		CE6D58572C56D86A00A14E37 /* Models */ = {
			isa = PBXGroup;
			children = (
				CE6D58552C56D84100A14E37 /* CatBreeds.swift */,
			);
			path = Models;
			sourceTree = "<group>";
		};
		CE6D585A2C56D8BC00A14E37 /* Views */ = {
			isa = PBXGroup;
			children = (
				CE6D58582C56D8B500A14E37 /* BreedsTableViewCell.swift */,
			);
			path = Views;
			sourceTree = "<group>";
		};
		CEAE6D982C52699A007777F8 = {
			isa = PBXGroup;
			children = (
				CEAE6DA32C52699A007777F8 /* DemoApp */,
				CEAE6DBD2C52699B007777F8 /* DemoAppTests */,
				CEAE6DC72C52699B007777F8 /* DemoAppUITests */,
				CEAE6DA22C52699A007777F8 /* Products */,
			);
			sourceTree = "<group>";
		};
		CEAE6DA22C52699A007777F8 /* Products */ = {
			isa = PBXGroup;
			children = (
				CEAE6DA12C52699A007777F8 /* DemoApp.app */,
				CEAE6DBA2C52699B007777F8 /* DemoAppTests.xctest */,
				CEAE6DC42C52699B007777F8 /* DemoAppUITests.xctest */,
			);
			name = Products;
			sourceTree = "<group>";
		};
		CEAE6DA32C52699A007777F8 /* DemoApp */ = {
			isa = PBXGroup;
			children = (
				CE4D41A62C577EE0001DCF31 /* Controllers */,
				CE6D585A2C56D8BC00A14E37 /* Views */,
				CE6D58572C56D86A00A14E37 /* Models */,
				CEAE6DA42C52699A007777F8 /* AppDelegate.swift */,
				CEAE6DA62C52699A007777F8 /* SceneDelegate.swift */,
				CEAE6DB02C52699B007777F8 /* Assets.xcassets */,
				CEAE6DB22C52699B007777F8 /* LaunchScreen.storyboard */,
				CEAE6DB52C52699B007777F8 /* Info.plist */,
				CEAE6DAD2C52699A007777F8 /* DemoApp.xcdatamodeld */,
			);
			path = DemoApp;
			sourceTree = "<group>";
		};
		CEAE6DBD2C52699B007777F8 /* DemoAppTests */ = {
			isa = PBXGroup;
			children = (
				CEAE6DBE2C52699B007777F8 /* DemoAppTests.swift */,
			);
			path = DemoAppTests;
			sourceTree = "<group>";
		};
		CEAE6DC72C52699B007777F8 /* DemoAppUITests */ = {
			isa = PBXGroup;
			children = (
				CEAE6DC82C52699B007777F8 /* DemoAppUITests.swift */,
				CEAE6DCA2C52699B007777F8 /* DemoAppUITestsLaunchTests.swift */,
			);
			path = DemoAppUITests;
			sourceTree = "<group>";
		};
/* End PBXGroup section */

/* Begin PBXNativeTarget section */
		CEAE6DA02C52699A007777F8 /* DemoApp */ = {
			isa = PBXNativeTarget;
			buildConfigurationList = CEAE6DCE2C52699B007777F8 /* Build configuration list for PBXNativeTarget "DemoApp" */;
			buildPhases = (
				CEAE6D9D2C52699A007777F8 /* Sources */,
				CEAE6D9E2C52699A007777F8 /* Frameworks */,
				CEAE6D9F2C52699A007777F8 /* Resources */,
			);
			buildRules = (
			);
			dependencies = (
			);
			name = DemoApp;
			productName = DemoApp;
			productReference = CEAE6DA12C52699A007777F8 /* DemoApp.app */;
			productType = "com.apple.product-type.application";
		};
		CEAE6DB92C52699B007777F8 /* DemoAppTests */ = {
			isa = PBXNativeTarget;
			buildConfigurationList = CEAE6DD12C52699B007777F8 /* Build configuration list for PBXNativeTarget "DemoAppTests" */;
			buildPhases = (
				CEAE6DB62C52699B007777F8 /* Sources */,
				CEAE6DB72C52699B007777F8 /* Frameworks */,
				CEAE6DB82C52699B007777F8 /* Resources */,
			);
			buildRules = (
			);
			dependencies = (
				CEAE6DBC2C52699B007777F8 /* PBXTargetDependency */,
			);
			name = DemoAppTests;
			productName = DemoAppTests;
			productReference = CEAE6DBA2C52699B007777F8 /* DemoAppTests.xctest */;
			productType = "com.apple.product-type.bundle.unit-test";
		};
		CEAE6DC32C52699B007777F8 /* DemoAppUITests */ = {
			isa = PBXNativeTarget;
			buildConfigurationList = CEAE6DD42C52699B007777F8 /* Build configuration list for PBXNativeTarget "DemoAppUITests" */;
			buildPhases = (
				CEAE6DC02C52699B007777F8 /* Sources */,
				CEAE6DC12C52699B007777F8 /* Frameworks */,
				CEAE6DC22C52699B007777F8 /* Resources */,
			);
			buildRules = (
			);
			dependencies = (
				CEAE6DC62C52699B007777F8 /* PBXTargetDependency */,
			);
			name = DemoAppUITests;
			productName = DemoAppUITests;
			productReference = CEAE6DC42C52699B007777F8 /* DemoAppUITests.xctest */;
			productType = "com.apple.product-type.bundle.ui-testing";
		};
/* End PBXNativeTarget section */

/* Begin PBXProject section */
		CEAE6D992C52699A007777F8 /* Project object */ = {
			isa = PBXProject;
			attributes = {
				BuildIndependentTargetsInParallel = 1;
				LastSwiftUpdateCheck = 1540;
				LastUpgradeCheck = 1540;
				TargetAttributes = {
					CEAE6DA02C52699A007777F8 = {
						CreatedOnToolsVersion = 15.4;
					};
					CEAE6DB92C52699B007777F8 = {
						CreatedOnToolsVersion = 15.4;
						TestTargetID = CEAE6DA02C52699A007777F8;
					};
					CEAE6DC32C52699B007777F8 = {
						CreatedOnToolsVersion = 15.4;
						TestTargetID = CEAE6DA02C52699A007777F8;
					};
				};
			};
			buildConfigurationList = CEAE6D9C2C52699A007777F8 /* Build configuration list for PBXProject "DemoApp" */;
			compatibilityVersion = "Xcode 14.0";
			developmentRegion = en;
			hasScannedForEncodings = 0;
			knownRegions = (
				en,
				Base,
			);
			mainGroup = CEAE6D982C52699A007777F8;
			productRefGroup = CEAE6DA22C52699A007777F8 /* Products */;
			projectDirPath = "";
			projectRoot = "";
			targets = (
				CEAE6DA02C52699A007777F8 /* DemoApp */,
				CEAE6DB92C52699B007777F8 /* DemoAppTests */,
				CEAE6DC32C52699B007777F8 /* DemoAppUITests */,
			);
		};
/* End PBXProject section */

/* Begin PBXResourcesBuildPhase section */
		CEAE6D9F2C52699A007777F8 /* Resources */ = {
			isa = PBXResourcesBuildPhase;
			buildActionMask = 2147483647;
			files = (
				CEAE6DB12C52699B007777F8 /* Assets.xcassets in Resources */,
				CEAE6DB42C52699B007777F8 /* Base in Resources */,
			);
			runOnlyForDeploymentPostprocessing = 0;
		};
		CEAE6DB82C52699B007777F8 /* Resources */ = {
			isa = PBXResourcesBuildPhase;
			buildActionMask = 2147483647;
			files = (
			);
			runOnlyForDeploymentPostprocessing = 0;
		};
		CEAE6DC22C52699B007777F8 /* Resources */ = {
			isa = PBXResourcesBuildPhase;
			buildActionMask = 2147483647;
			files = (
			);
			runOnlyForDeploymentPostprocessing = 0;
		};
/* End PBXResourcesBuildPhase section */

/* Begin PBXSourcesBuildPhase section */
		CEAE6D9D2C52699A007777F8 /* Sources */ = {
			isa = PBXSourcesBuildPhase;
			buildActionMask = 2147483647;
			files = (
				CE6D58592C56D8B500A14E37 /* BreedsTableViewCell.swift in Sources */,
				CE4D41A82C577F2C001DCF31 /* BreedsViewController.swift in Sources */,
				CEAE6DA92C52699A007777F8 /* TabBarController.swift in Sources */,
				CE6D58562C56D84100A14E37 /* CatBreeds.swift in Sources */,
				CEAE6DA52C52699A007777F8 /* AppDelegate.swift in Sources */,
				CEAE6DAF2C52699A007777F8 /* DemoApp.xcdatamodeld in Sources */,
				CEAE6DA72C52699A007777F8 /* SceneDelegate.swift in Sources */,
			);
			runOnlyForDeploymentPostprocessing = 0;
		};
		CEAE6DB62C52699B007777F8 /* Sources */ = {
			isa = PBXSourcesBuildPhase;
			buildActionMask = 2147483647;
			files = (
				CEAE6DBF2C52699B007777F8 /* DemoAppTests.swift in Sources */,
			);
			runOnlyForDeploymentPostprocessing = 0;
		};
		CEAE6DC02C52699B007777F8 /* Sources */ = {
			isa = PBXSourcesBuildPhase;
			buildActionMask = 2147483647;
			files = (
				CEAE6DC92C52699B007777F8 /* DemoAppUITests.swift in Sources */,
				CEAE6DCB2C52699B007777F8 /* DemoAppUITestsLaunchTests.swift in Sources */,
			);
			runOnlyForDeploymentPostprocessing = 0;
		};
/* End PBXSourcesBuildPhase section */

/* Begin PBXTargetDependency section */
		CEAE6DBC2C52699B007777F8 /* PBXTargetDependency */ = {
			isa = PBXTargetDependency;
			target = CEAE6DA02C52699A007777F8 /* DemoApp */;
			targetProxy = CEAE6DBB2C52699B007777F8 /* PBXContainerItemProxy */;
		};
		CEAE6DC62C52699B007777F8 /* PBXTargetDependency */ = {
			isa = PBXTargetDependency;
			target = CEAE6DA02C52699A007777F8 /* DemoApp */;
			targetProxy = CEAE6DC52C52699B007777F8 /* PBXContainerItemProxy */;
		};
/* End PBXTargetDependency section */

/* Begin PBXVariantGroup section */
		CEAE6DB22C52699B007777F8 /* LaunchScreen.storyboard */ = {
			isa = PBXVariantGroup;
			children = (
				CEAE6DB32C52699B007777F8 /* Base */,
			);
			name = LaunchScreen.storyboard;
			sourceTree = "<group>";
		};
/* End PBXVariantGroup section */

/* Begin XCBuildConfiguration section */
		CEAE6DCC2C52699B007777F8 /* Debug */ = {
			isa = XCBuildConfiguration;
			buildSettings = {
				ALWAYS_SEARCH_USER_PATHS = NO;
				ASSETCATALOG_COMPILER_GENERATE_SWIFT_ASSET_SYMBOL_EXTENSIONS = YES;
				CLANG_ANALYZER_NONNULL = YES;
				CLANG_ANALYZER_NUMBER_OBJECT_CONVERSION = YES_AGGRESSIVE;
				CLANG_CXX_LANGUAGE_STANDARD = "gnu++20";
				CLANG_ENABLE_MODULES = YES;
				CLANG_ENABLE_OBJC_ARC = YES;
				CLANG_ENABLE_OBJC_WEAK = YES;
				CLANG_WARN_BLOCK_CAPTURE_AUTORELEASING = YES;
				CLANG_WARN_BOOL_CONVERSION = YES;
				CLANG_WARN_COMMA = YES;
				CLANG_WARN_CONSTANT_CONVERSION = YES;
				CLANG_WARN_DEPRECATED_OBJC_IMPLEMENTATIONS = YES;
				CLANG_WARN_DIRECT_OBJC_ISA_USAGE = YES_ERROR;
				CLANG_WARN_DOCUMENTATION_COMMENTS = YES;
				CLANG_WARN_EMPTY_BODY = YES;
				CLANG_WARN_ENUM_CONVERSION = YES;
				CLANG_WARN_INFINITE_RECURSION = YES;
				CLANG_WARN_INT_CONVERSION = YES;
				CLANG_WARN_NON_LITERAL_NULL_CONVERSION = YES;
				CLANG_WARN_OBJC_IMPLICIT_RETAIN_SELF = YES;
				CLANG_WARN_OBJC_LITERAL_CONVERSION = YES;
				CLANG_WARN_OBJC_ROOT_CLASS = YES_ERROR;
				CLANG_WARN_QUOTED_INCLUDE_IN_FRAMEWORK_HEADER = YES;
				CLANG_WARN_RANGE_LOOP_ANALYSIS = YES;
				CLANG_WARN_STRICT_PROTOTYPES = YES;
				CLANG_WARN_SUSPICIOUS_MOVE = YES;
				CLANG_WARN_UNGUARDED_AVAILABILITY = YES_AGGRESSIVE;
				CLANG_WARN_UNREACHABLE_CODE = YES;
				CLANG_WARN__DUPLICATE_METHOD_MATCH = YES;
				COPY_PHASE_STRIP = NO;
				DEBUG_INFORMATION_FORMAT = dwarf;
				ENABLE_STRICT_OBJC_MSGSEND = YES;
				ENABLE_TESTABILITY = YES;
				ENABLE_USER_SCRIPT_SANDBOXING = YES;
				GCC_C_LANGUAGE_STANDARD = gnu17;
				GCC_DYNAMIC_NO_PIC = NO;
				GCC_NO_COMMON_BLOCKS = YES;
				GCC_OPTIMIZATION_LEVEL = 0;
				GCC_PREPROCESSOR_DEFINITIONS = (
					"DEBUG=1",
					"$(inherited)",
				);
				GCC_WARN_64_TO_32_BIT_CONVERSION = YES;
				GCC_WARN_ABOUT_RETURN_TYPE = YES_ERROR;
				GCC_WARN_UNDECLARED_SELECTOR = YES;
				GCC_WARN_UNINITIALIZED_AUTOS = YES_AGGRESSIVE;
				GCC_WARN_UNUSED_FUNCTION = YES;
				GCC_WARN_UNUSED_VARIABLE = YES;
				IPHONEOS_DEPLOYMENT_TARGET = 17.5;
				LOCALIZATION_PREFERS_STRING_CATALOGS = YES;
				MTL_ENABLE_DEBUG_INFO = INCLUDE_SOURCE;
				MTL_FAST_MATH = YES;
				ONLY_ACTIVE_ARCH = YES;
				SDKROOT = iphoneos;
				SWIFT_ACTIVE_COMPILATION_CONDITIONS = "DEBUG $(inherited)";
				SWIFT_OPTIMIZATION_LEVEL = "-Onone";
			};
			name = Debug;
		};
		CEAE6DCD2C52699B007777F8 /* Release */ = {
			isa = XCBuildConfiguration;
			buildSettings = {
				ALWAYS_SEARCH_USER_PATHS = NO;
				ASSETCATALOG_COMPILER_GENERATE_SWIFT_ASSET_SYMBOL_EXTENSIONS = YES;
				CLANG_ANALYZER_NONNULL = YES;
				CLANG_ANALYZER_NUMBER_OBJECT_CONVERSION = YES_AGGRESSIVE;
				CLANG_CXX_LANGUAGE_STANDARD = "gnu++20";
				CLANG_ENABLE_MODULES = YES;
				CLANG_ENABLE_OBJC_ARC = YES;
				CLANG_ENABLE_OBJC_WEAK = YES;
				CLANG_WARN_BLOCK_CAPTURE_AUTORELEASING = YES;
				CLANG_WARN_BOOL_CONVERSION = YES;
				CLANG_WARN_COMMA = YES;
				CLANG_WARN_CONSTANT_CONVERSION = YES;
				CLANG_WARN_DEPRECATED_OBJC_IMPLEMENTATIONS = YES;
				CLANG_WARN_DIRECT_OBJC_ISA_USAGE = YES_ERROR;
				CLANG_WARN_DOCUMENTATION_COMMENTS = YES;
				CLANG_WARN_EMPTY_BODY = YES;
				CLANG_WARN_ENUM_CONVERSION = YES;
				CLANG_WARN_INFINITE_RECURSION = YES;
				CLANG_WARN_INT_CONVERSION = YES;
				CLANG_WARN_NON_LITERAL_NULL_CONVERSION = YES;
				CLANG_WARN_OBJC_IMPLICIT_RETAIN_SELF = YES;
				CLANG_WARN_OBJC_LITERAL_CONVERSION = YES;
				CLANG_WARN_OBJC_ROOT_CLASS = YES_ERROR;
				CLANG_WARN_QUOTED_INCLUDE_IN_FRAMEWORK_HEADER = YES;
				CLANG_WARN_RANGE_LOOP_ANALYSIS = YES;
				CLANG_WARN_STRICT_PROTOTYPES = YES;
				CLANG_WARN_SUSPICIOUS_MOVE = YES;
				CLANG_WARN_UNGUARDED_AVAILABILITY = YES_AGGRESSIVE;
				CLANG_WARN_UNREACHABLE_CODE = YES;
				CLANG_WARN__DUPLICATE_METHOD_MATCH = YES;
				COPY_PHASE_STRIP = NO;
				DEBUG_INFORMATION_FORMAT = "dwarf-with-dsym";
				ENABLE_NS_ASSERTIONS = NO;
				ENABLE_STRICT_OBJC_MSGSEND = YES;
				ENABLE_USER_SCRIPT_SANDBOXING = YES;
				GCC_C_LANGUAGE_STANDARD = gnu17;
				GCC_NO_COMMON_BLOCKS = YES;
				GCC_WARN_64_TO_32_BIT_CONVERSION = YES;
				GCC_WARN_ABOUT_RETURN_TYPE = YES_ERROR;
				GCC_WARN_UNDECLARED_SELECTOR = YES;
				GCC_WARN_UNINITIALIZED_AUTOS = YES_AGGRESSIVE;
				GCC_WARN_UNUSED_FUNCTION = YES;
				GCC_WARN_UNUSED_VARIABLE = YES;
				IPHONEOS_DEPLOYMENT_TARGET = 17.5;
				LOCALIZATION_PREFERS_STRING_CATALOGS = YES;
				MTL_ENABLE_DEBUG_INFO = NO;
				MTL_FAST_MATH = YES;
				SDKROOT = iphoneos;
				SWIFT_COMPILATION_MODE = wholemodule;
				VALIDATE_PRODUCT = YES;
			};
			name = Release;
		};
		CEAE6DCF2C52699B007777F8 /* Debug */ = {
			isa = XCBuildConfiguration;
			buildSettings = {
				ASSETCATALOG_COMPILER_APPICON_NAME = AppIcon;
				ASSETCATALOG_COMPILER_GLOBAL_ACCENT_COLOR_NAME = AccentColor;
				CODE_SIGN_STYLE = Automatic;
				CURRENT_PROJECT_VERSION = 1;
				GENERATE_INFOPLIST_FILE = YES;
				INFOPLIST_FILE = DemoApp/Info.plist;
				INFOPLIST_KEY_UIApplicationSupportsIndirectInputEvents = YES;
				INFOPLIST_KEY_UILaunchStoryboardName = LaunchScreen;
				INFOPLIST_KEY_UISupportedInterfaceOrientations_iPad = "UIInterfaceOrientationPortrait UIInterfaceOrientationPortraitUpsideDown UIInterfaceOrientationLandscapeLeft UIInterfaceOrientationLandscapeRight";
				INFOPLIST_KEY_UISupportedInterfaceOrientations_iPhone = "UIInterfaceOrientationPortrait UIInterfaceOrientationLandscapeLeft UIInterfaceOrientationLandscapeRight";
				LD_RUNPATH_SEARCH_PATHS = (
					"$(inherited)",
					"@executable_path/Frameworks",
				);
				MARKETING_VERSION = 1.0;
				PRODUCT_BUNDLE_IDENTIFIER = com.learning.DemoApp;
				PRODUCT_NAME = "$(TARGET_NAME)";
				SWIFT_EMIT_LOC_STRINGS = YES;
				SWIFT_VERSION = 5.0;
				TARGETED_DEVICE_FAMILY = "1,2";
			};
			name = Debug;
		};
		CEAE6DD02C52699B007777F8 /* Release */ = {
			isa = XCBuildConfiguration;
			buildSettings = {
				ASSETCATALOG_COMPILER_APPICON_NAME = AppIcon;
				ASSETCATALOG_COMPILER_GLOBAL_ACCENT_COLOR_NAME = AccentColor;
				CODE_SIGN_STYLE = Automatic;
				CURRENT_PROJECT_VERSION = 1;
				GENERATE_INFOPLIST_FILE = YES;
				INFOPLIST_FILE = DemoApp/Info.plist;
				INFOPLIST_KEY_UIApplicationSupportsIndirectInputEvents = YES;
				INFOPLIST_KEY_UILaunchStoryboardName = LaunchScreen;
				INFOPLIST_KEY_UISupportedInterfaceOrientations_iPad = "UIInterfaceOrientationPortrait UIInterfaceOrientationPortraitUpsideDown UIInterfaceOrientationLandscapeLeft UIInterfaceOrientationLandscapeRight";
				INFOPLIST_KEY_UISupportedInterfaceOrientations_iPhone = "UIInterfaceOrientationPortrait UIInterfaceOrientationLandscapeLeft UIInterfaceOrientationLandscapeRight";
				LD_RUNPATH_SEARCH_PATHS = (
					"$(inherited)",
					"@executable_path/Frameworks",
				);
				MARKETING_VERSION = 1.0;
				PRODUCT_BUNDLE_IDENTIFIER = com.learning.DemoApp;
				PRODUCT_NAME = "$(TARGET_NAME)";
				SWIFT_EMIT_LOC_STRINGS = YES;
				SWIFT_VERSION = 5.0;
				TARGETED_DEVICE_FAMILY = "1,2";
			};
			name = Release;
		};
		CEAE6DD22C52699B007777F8 /* Debug */ = {
			isa = XCBuildConfiguration;
			buildSettings = {
				ALWAYS_EMBED_SWIFT_STANDARD_LIBRARIES = YES;
				BUNDLE_LOADER = "$(TEST_HOST)";
				CODE_SIGN_STYLE = Automatic;
				CURRENT_PROJECT_VERSION = 1;
				GENERATE_INFOPLIST_FILE = YES;
				IPHONEOS_DEPLOYMENT_TARGET = 17.5;
				MARKETING_VERSION = 1.0;
				PRODUCT_BUNDLE_IDENTIFIER = com.learning.DemoAppTests;
				PRODUCT_NAME = "$(TARGET_NAME)";
				SWIFT_EMIT_LOC_STRINGS = NO;
				SWIFT_VERSION = 5.0;
				TARGETED_DEVICE_FAMILY = "1,2";
				TEST_HOST = "$(BUILT_PRODUCTS_DIR)/DemoApp.app/$(BUNDLE_EXECUTABLE_FOLDER_PATH)/DemoApp";
			};
			name = Debug;
		};
		CEAE6DD32C52699B007777F8 /* Release */ = {
			isa = XCBuildConfiguration;
			buildSettings = {
				ALWAYS_EMBED_SWIFT_STANDARD_LIBRARIES = YES;
				BUNDLE_LOADER = "$(TEST_HOST)";
				CODE_SIGN_STYLE = Automatic;
				CURRENT_PROJECT_VERSION = 1;
				GENERATE_INFOPLIST_FILE = YES;
				IPHONEOS_DEPLOYMENT_TARGET = 17.5;
				MARKETING_VERSION = 1.0;
				PRODUCT_BUNDLE_IDENTIFIER = com.learning.DemoAppTests;
				PRODUCT_NAME = "$(TARGET_NAME)";
				SWIFT_EMIT_LOC_STRINGS = NO;
				SWIFT_VERSION = 5.0;
				TARGETED_DEVICE_FAMILY = "1,2";
				TEST_HOST = "$(BUILT_PRODUCTS_DIR)/DemoApp.app/$(BUNDLE_EXECUTABLE_FOLDER_PATH)/DemoApp";
			};
			name = Release;
		};
		CEAE6DD52C52699B007777F8 /* Debug */ = {
			isa = XCBuildConfiguration;
			buildSettings = {
				ALWAYS_EMBED_SWIFT_STANDARD_LIBRARIES = YES;
				CODE_SIGN_STYLE = Automatic;
				CURRENT_PROJECT_VERSION = 1;
				GENERATE_INFOPLIST_FILE = YES;
				MARKETING_VERSION = 1.0;
				PRODUCT_BUNDLE_IDENTIFIER = com.learning.DemoAppUITests;
				PRODUCT_NAME = "$(TARGET_NAME)";
				SWIFT_EMIT_LOC_STRINGS = NO;
				SWIFT_VERSION = 5.0;
				TARGETED_DEVICE_FAMILY = "1,2";
				TEST_TARGET_NAME = DemoApp;
			};
			name = Debug;
		};
		CEAE6DD62C52699B007777F8 /* Release */ = {
			isa = XCBuildConfiguration;
			buildSettings = {
				ALWAYS_EMBED_SWIFT_STANDARD_LIBRARIES = YES;
				CODE_SIGN_STYLE = Automatic;
				CURRENT_PROJECT_VERSION = 1;
				GENERATE_INFOPLIST_FILE = YES;
				MARKETING_VERSION = 1.0;
				PRODUCT_BUNDLE_IDENTIFIER = com.learning.DemoAppUITests;
				PRODUCT_NAME = "$(TARGET_NAME)";
				SWIFT_EMIT_LOC_STRINGS = NO;
				SWIFT_VERSION = 5.0;
				TARGETED_DEVICE_FAMILY = "1,2";
				TEST_TARGET_NAME = DemoApp;
			};
			name = Release;
		};
/* End XCBuildConfiguration section */

/* Begin XCConfigurationList section */
		CEAE6D9C2C52699A007777F8 /* Build configuration list for PBXProject "DemoApp" */ = {
			isa = XCConfigurationList;
			buildConfigurations = (
				CEAE6DCC2C52699B007777F8 /* Debug */,
				CEAE6DCD2C52699B007777F8 /* Release */,
			);
			defaultConfigurationIsVisible = 0;
			defaultConfigurationName = Release;
		};
		CEAE6DCE2C52699B007777F8 /* Build configuration list for PBXNativeTarget "DemoApp" */ = {
			isa = XCConfigurationList;
			buildConfigurations = (
				CEAE6DCF2C52699B007777F8 /* Debug */,
				CEAE6DD02C52699B007777F8 /* Release */,
			);
			defaultConfigurationIsVisible = 0;
			defaultConfigurationName = Release;
		};
		CEAE6DD12C52699B007777F8 /* Build configuration list for PBXNativeTarget "DemoAppTests" */ = {
			isa = XCConfigurationList;
			buildConfigurations = (
				CEAE6DD22C52699B007777F8 /* Debug */,
				CEAE6DD32C52699B007777F8 /* Release */,
			);
			defaultConfigurationIsVisible = 0;
			defaultConfigurationName = Release;
		};
		CEAE6DD42C52699B007777F8 /* Build configuration list for PBXNativeTarget "DemoAppUITests" */ = {
			isa = XCConfigurationList;
			buildConfigurations = (
				CEAE6DD52C52699B007777F8 /* Debug */,
				CEAE6DD62C52699B007777F8 /* Release */,
			);
			defaultConfigurationIsVisible = 0;
			defaultConfigurationName = Release;
		};
/* End XCConfigurationList section */

/* Begin XCVersionGroup section */
		CEAE6DAD2C52699A007777F8 /* DemoApp.xcdatamodeld */ = {
			isa = XCVersionGroup;
			children = (
				CEAE6DAE2C52699A007777F8 /* DemoApp.xcdatamodel */,
			);
			currentVersion = CEAE6DAE2C52699A007777F8 /* DemoApp.xcdatamodel */;
			path = DemoApp.xcdatamodeld;
			sourceTree = "<group>";
			versionGroupType = wrapper.xcdatamodel;
		};
/* End XCVersionGroup section */
	};
	rootObject = CEAE6D992C52699A007777F8 /* Project object */;
}
